// !$*UTF8*$!
{
	archiveVersion = 1;
	classes = {
	};
	objectVersion = 50;
	objects = {

/* Begin PBXBuildFile section */
		0065E75225D3969F009A1A49 /* AddViewController.swift in Sources */ = {isa = PBXBuildFile; fileRef = 0065E75125D3969F009A1A49 /* AddViewController.swift */; };
		0065E75525D3977C009A1A49 /* ChallengesViewController.swift in Sources */ = {isa = PBXBuildFile; fileRef = 0065E75425D3977C009A1A49 /* ChallengesViewController.swift */; };
		0065E75825D397F3009A1A49 /* ProfileViewController.swift in Sources */ = {isa = PBXBuildFile; fileRef = 0065E75725D397F3009A1A49 /* ProfileViewController.swift */; };
		0099471825BCF324007D4A99 /* UserModel.swift in Sources */ = {isa = PBXBuildFile; fileRef = 0099471725BCF324007D4A99 /* UserModel.swift */; };
		00A0D5AA25D37CE300C6F561 /* DashboardViewController.swift in Sources */ = {isa = PBXBuildFile; fileRef = 00A0D5A925D37CE300C6F561 /* DashboardViewController.swift */; };
		00AC7E7A25D3861F009755EA /* SocialFeedViewController.swift in Sources */ = {isa = PBXBuildFile; fileRef = 00AC7E7925D3861F009755EA /* SocialFeedViewController.swift */; };
		00B6585C25D085BD000DC811 /* Constants.swift in Sources */ = {isa = PBXBuildFile; fileRef = 00B6585B25D085BC000DC811 /* Constants.swift */; };
		00B6585F25D09979000DC811 /* UserDefaults_Helpers.swift in Sources */ = {isa = PBXBuildFile; fileRef = 00B6585E25D09978000DC811 /* UserDefaults_Helpers.swift */; };
		00DB543025CDF3600068F7E7 /* MainTabBarController.swift in Sources */ = {isa = PBXBuildFile; fileRef = 00DB542F25CDF3600068F7E7 /* MainTabBarController.swift */; };
		00DB543325CDF3DA0068F7E7 /* MainNavigationController.swift in Sources */ = {isa = PBXBuildFile; fileRef = 00DB543225CDF3DA0068F7E7 /* MainNavigationController.swift */; };
		00DB544025CDFEA30068F7E7 /* WelcomeViewController.swift in Sources */ = {isa = PBXBuildFile; fileRef = 00DB543F25CDFEA30068F7E7 /* WelcomeViewController.swift */; };
		00DB544325CE082A0068F7E7 /* LoginViewController.swift in Sources */ = {isa = PBXBuildFile; fileRef = 00DB544225CE082A0068F7E7 /* LoginViewController.swift */; };
		00DB544625CE1A010068F7E7 /* RegisterViewController.swift in Sources */ = {isa = PBXBuildFile; fileRef = 00DB544525CE1A010068F7E7 /* RegisterViewController.swift */; };
		00DB545025CE1F330068F7E7 /* OnboardingViewController.swift in Sources */ = {isa = PBXBuildFile; fileRef = 00DB544F25CE1F330068F7E7 /* OnboardingViewController.swift */; };
		00DB545525CE202A0068F7E7 /* BirthdateView.swift in Sources */ = {isa = PBXBuildFile; fileRef = 00DB545425CE202A0068F7E7 /* BirthdateView.swift */; };
		00DB545825CE204C0068F7E7 /* GenderView.swift in Sources */ = {isa = PBXBuildFile; fileRef = 00DB545725CE204C0068F7E7 /* GenderView.swift */; };
		00DB545B25CE20670068F7E7 /* WorkoutExperienceView.swift in Sources */ = {isa = PBXBuildFile; fileRef = 00DB545A25CE20670068F7E7 /* WorkoutExperienceView.swift */; };
		00DB545E25CE20880068F7E7 /* WorkoutTypeView.swift in Sources */ = {isa = PBXBuildFile; fileRef = 00DB545D25CE20870068F7E7 /* WorkoutTypeView.swift */; };
		00DB546125CE20A20068F7E7 /* IntensityView.swift in Sources */ = {isa = PBXBuildFile; fileRef = 00DB546025CE20A20068F7E7 /* IntensityView.swift */; };
		00DB546425CE20BD0068F7E7 /* AppleHealthView.swift in Sources */ = {isa = PBXBuildFile; fileRef = 00DB546325CE20BD0068F7E7 /* AppleHealthView.swift */; };
		00E8C4D225AE7E0100CAB507 /* AppDelegate.swift in Sources */ = {isa = PBXBuildFile; fileRef = 00E8C4D125AE7E0100CAB507 /* AppDelegate.swift */; };
		00E8C4D425AE7E0100CAB507 /* SceneDelegate.swift in Sources */ = {isa = PBXBuildFile; fileRef = 00E8C4D325AE7E0100CAB507 /* SceneDelegate.swift */; };
		00E8C4DB25AE7E0600CAB507 /* Assets.xcassets in Resources */ = {isa = PBXBuildFile; fileRef = 00E8C4DA25AE7E0600CAB507 /* Assets.xcassets */; };
/* End PBXBuildFile section */

/* Begin PBXFileReference section */
		0065E75125D3969F009A1A49 /* AddViewController.swift */ = {isa = PBXFileReference; lastKnownFileType = sourcecode.swift; path = AddViewController.swift; sourceTree = "<group>"; };
		0065E75425D3977C009A1A49 /* ChallengesViewController.swift */ = {isa = PBXFileReference; lastKnownFileType = sourcecode.swift; path = ChallengesViewController.swift; sourceTree = "<group>"; };
		0065E75725D397F3009A1A49 /* ProfileViewController.swift */ = {isa = PBXFileReference; lastKnownFileType = sourcecode.swift; path = ProfileViewController.swift; sourceTree = "<group>"; };
		0099471725BCF324007D4A99 /* UserModel.swift */ = {isa = PBXFileReference; lastKnownFileType = sourcecode.swift; path = UserModel.swift; sourceTree = "<group>"; };
		00A0D5A925D37CE300C6F561 /* DashboardViewController.swift */ = {isa = PBXFileReference; lastKnownFileType = sourcecode.swift; path = DashboardViewController.swift; sourceTree = "<group>"; };
		00AC7E7925D3861F009755EA /* SocialFeedViewController.swift */ = {isa = PBXFileReference; lastKnownFileType = sourcecode.swift; path = SocialFeedViewController.swift; sourceTree = "<group>"; };
		00B6585B25D085BC000DC811 /* Constants.swift */ = {isa = PBXFileReference; lastKnownFileType = sourcecode.swift; path = Constants.swift; sourceTree = "<group>"; };
		00B6585E25D09978000DC811 /* UserDefaults_Helpers.swift */ = {isa = PBXFileReference; lastKnownFileType = sourcecode.swift; path = UserDefaults_Helpers.swift; sourceTree = "<group>"; };
		00DB542F25CDF3600068F7E7 /* MainTabBarController.swift */ = {isa = PBXFileReference; lastKnownFileType = sourcecode.swift; path = MainTabBarController.swift; sourceTree = "<group>"; };
		00DB543225CDF3DA0068F7E7 /* MainNavigationController.swift */ = {isa = PBXFileReference; lastKnownFileType = sourcecode.swift; path = MainNavigationController.swift; sourceTree = "<group>"; };
		00DB543F25CDFEA30068F7E7 /* WelcomeViewController.swift */ = {isa = PBXFileReference; lastKnownFileType = sourcecode.swift; path = WelcomeViewController.swift; sourceTree = "<group>"; };
		00DB544225CE082A0068F7E7 /* LoginViewController.swift */ = {isa = PBXFileReference; lastKnownFileType = sourcecode.swift; path = LoginViewController.swift; sourceTree = "<group>"; };
		00DB544525CE1A010068F7E7 /* RegisterViewController.swift */ = {isa = PBXFileReference; lastKnownFileType = sourcecode.swift; path = RegisterViewController.swift; sourceTree = "<group>"; };
		00DB544F25CE1F330068F7E7 /* OnboardingViewController.swift */ = {isa = PBXFileReference; lastKnownFileType = sourcecode.swift; path = OnboardingViewController.swift; sourceTree = "<group>"; };
		00DB545425CE202A0068F7E7 /* BirthdateView.swift */ = {isa = PBXFileReference; lastKnownFileType = sourcecode.swift; path = BirthdateView.swift; sourceTree = "<group>"; };
		00DB545725CE204C0068F7E7 /* GenderView.swift */ = {isa = PBXFileReference; lastKnownFileType = sourcecode.swift; path = GenderView.swift; sourceTree = "<group>"; };
		00DB545A25CE20670068F7E7 /* WorkoutExperienceView.swift */ = {isa = PBXFileReference; lastKnownFileType = sourcecode.swift; path = WorkoutExperienceView.swift; sourceTree = "<group>"; };
		00DB545D25CE20870068F7E7 /* WorkoutTypeView.swift */ = {isa = PBXFileReference; lastKnownFileType = sourcecode.swift; path = WorkoutTypeView.swift; sourceTree = "<group>"; };
		00DB546025CE20A20068F7E7 /* IntensityView.swift */ = {isa = PBXFileReference; lastKnownFileType = sourcecode.swift; path = IntensityView.swift; sourceTree = "<group>"; };
		00DB546325CE20BD0068F7E7 /* AppleHealthView.swift */ = {isa = PBXFileReference; lastKnownFileType = sourcecode.swift; path = AppleHealthView.swift; sourceTree = "<group>"; };
		00E8C4CE25AE7E0100CAB507 /* CompFit.app */ = {isa = PBXFileReference; explicitFileType = wrapper.application; includeInIndex = 0; path = CompFit.app; sourceTree = BUILT_PRODUCTS_DIR; };
		00E8C4D125AE7E0100CAB507 /* AppDelegate.swift */ = {isa = PBXFileReference; lastKnownFileType = sourcecode.swift; path = AppDelegate.swift; sourceTree = "<group>"; };
		00E8C4D325AE7E0100CAB507 /* SceneDelegate.swift */ = {isa = PBXFileReference; lastKnownFileType = sourcecode.swift; path = SceneDelegate.swift; sourceTree = "<group>"; };
		00E8C4DA25AE7E0600CAB507 /* Assets.xcassets */ = {isa = PBXFileReference; lastKnownFileType = folder.assetcatalog; path = Assets.xcassets; sourceTree = "<group>"; };
		00E8C4DF25AE7E0600CAB507 /* Info.plist */ = {isa = PBXFileReference; lastKnownFileType = text.plist.xml; path = Info.plist; sourceTree = "<group>"; };
/* End PBXFileReference section */

/* Begin PBXFrameworksBuildPhase section */
		00E8C4CB25AE7E0100CAB507 /* Frameworks */ = {
			isa = PBXFrameworksBuildPhase;
			buildActionMask = 2147483647;
			files = (
			);
			runOnlyForDeploymentPostprocessing = 0;
		};
/* End PBXFrameworksBuildPhase section */

/* Begin PBXGroup section */
		00A0D5A725D37C5D00C6F561 /* Main App */ = {
			isa = PBXGroup;
			children = (
				00DB542F25CDF3600068F7E7 /* MainTabBarController.swift */,
				0065E75425D3977C009A1A49 /* ChallengesViewController.swift */,
				00A0D5A925D37CE300C6F561 /* DashboardViewController.swift */,
				00AC7E7925D3861F009755EA /* SocialFeedViewController.swift */,
				0065E75125D3969F009A1A49 /* AddViewController.swift */,
				0065E75725D397F3009A1A49 /* ProfileViewController.swift */,
			);
			path = "Main App";
			sourceTree = "<group>";
		};
		00DB545225CE1F540068F7E7 /* Onboarding Views */ = {
			isa = PBXGroup;
			children = (
				00DB545425CE202A0068F7E7 /* BirthdateView.swift */,
				00DB545725CE204C0068F7E7 /* GenderView.swift */,
				00DB545A25CE20670068F7E7 /* WorkoutExperienceView.swift */,
				00DB545D25CE20870068F7E7 /* WorkoutTypeView.swift */,
				00DB546025CE20A20068F7E7 /* IntensityView.swift */,
				00DB546325CE20BD0068F7E7 /* AppleHealthView.swift */,
			);
			path = "Onboarding Views";
			sourceTree = "<group>";
		};
		00E8C4C525AE7E0100CAB507 = {
			isa = PBXGroup;
			children = (
				00E8C4D025AE7E0100CAB507 /* CompFit */,
				00E8C4CF25AE7E0100CAB507 /* Products */,
			);
			sourceTree = "<group>";
		};
		00E8C4CF25AE7E0100CAB507 /* Products */ = {
			isa = PBXGroup;
			children = (
				00E8C4CE25AE7E0100CAB507 /* CompFit.app */,
			);
			name = Products;
			sourceTree = "<group>";
		};
		00E8C4D025AE7E0100CAB507 /* CompFit */ = {
			isa = PBXGroup;
			children = (
				00E8C4E925AE7E3E00CAB507 /* Views */,
				00E8C4E825AE7E3500CAB507 /* Model */,
				00E8C4E625AE7E2500CAB507 /* Controllers */,
				00E8C4D125AE7E0100CAB507 /* AppDelegate.swift */,
				00E8C4D325AE7E0100CAB507 /* SceneDelegate.swift */,
				00E8C4DA25AE7E0600CAB507 /* Assets.xcassets */,
				00E8C4DF25AE7E0600CAB507 /* Info.plist */,
				00B6585B25D085BC000DC811 /* Constants.swift */,
				00B6585E25D09978000DC811 /* UserDefaults_Helpers.swift */,
			);
			path = CompFit;
			sourceTree = "<group>";
		};
		00E8C4E625AE7E2500CAB507 /* Controllers */ = {
			isa = PBXGroup;
			children = (
				00A0D5A725D37C5D00C6F561 /* Main App */,
				00DB543225CDF3DA0068F7E7 /* MainNavigationController.swift */,
				00DB543F25CDFEA30068F7E7 /* WelcomeViewController.swift */,
				00DB544225CE082A0068F7E7 /* LoginViewController.swift */,
				00DB544525CE1A010068F7E7 /* RegisterViewController.swift */,
				00DB544F25CE1F330068F7E7 /* OnboardingViewController.swift */,
			);
			path = Controllers;
			sourceTree = "<group>";
		};
		00E8C4E825AE7E3500CAB507 /* Model */ = {
			isa = PBXGroup;
			children = (
				0099471725BCF324007D4A99 /* UserModel.swift */,
			);
			path = Model;
			sourceTree = "<group>";
		};
		00E8C4E925AE7E3E00CAB507 /* Views */ = {
			isa = PBXGroup;
			children = (
				00DB545225CE1F540068F7E7 /* Onboarding Views */,
			);
			path = Views;
			sourceTree = "<group>";
		};
/* End PBXGroup section */

/* Begin PBXNativeTarget section */
		00E8C4CD25AE7E0100CAB507 /* CompFit */ = {
			isa = PBXNativeTarget;
			buildConfigurationList = 00E8C4E225AE7E0600CAB507 /* Build configuration list for PBXNativeTarget "CompFit" */;
			buildPhases = (
				00E8C4CA25AE7E0100CAB507 /* Sources */,
				00E8C4CB25AE7E0100CAB507 /* Frameworks */,
				00E8C4CC25AE7E0100CAB507 /* Resources */,
			);
			buildRules = (
			);
			dependencies = (
			);
			name = CompFit;
			productName = CompFit;
			productReference = 00E8C4CE25AE7E0100CAB507 /* CompFit.app */;
			productType = "com.apple.product-type.application";
		};
/* End PBXNativeTarget section */

/* Begin PBXProject section */
		00E8C4C625AE7E0100CAB507 /* Project object */ = {
			isa = PBXProject;
			attributes = {
				LastSwiftUpdateCheck = 1230;
				LastUpgradeCheck = 1230;
				TargetAttributes = {
					00E8C4CD25AE7E0100CAB507 = {
						CreatedOnToolsVersion = 12.3;
					};
				};
			};
			buildConfigurationList = 00E8C4C925AE7E0100CAB507 /* Build configuration list for PBXProject "CompFit" */;
			compatibilityVersion = "Xcode 9.3";
			developmentRegion = en;
			hasScannedForEncodings = 0;
			knownRegions = (
				en,
				Base,
			);
			mainGroup = 00E8C4C525AE7E0100CAB507;
			productRefGroup = 00E8C4CF25AE7E0100CAB507 /* Products */;
			projectDirPath = "";
			projectRoot = "";
			targets = (
				00E8C4CD25AE7E0100CAB507 /* CompFit */,
			);
		};
/* End PBXProject section */

/* Begin PBXResourcesBuildPhase section */
		00E8C4CC25AE7E0100CAB507 /* Resources */ = {
			isa = PBXResourcesBuildPhase;
			buildActionMask = 2147483647;
			files = (
				00E8C4DB25AE7E0600CAB507 /* Assets.xcassets in Resources */,
			);
			runOnlyForDeploymentPostprocessing = 0;
		};
/* End PBXResourcesBuildPhase section */

/* Begin PBXSourcesBuildPhase section */
		00E8C4CA25AE7E0100CAB507 /* Sources */ = {
			isa = PBXSourcesBuildPhase;
			buildActionMask = 2147483647;
			files = (
				00DB546425CE20BD0068F7E7 /* AppleHealthView.swift in Sources */,
				00A0D5AA25D37CE300C6F561 /* DashboardViewController.swift in Sources */,
				00DB544025CDFEA30068F7E7 /* WelcomeViewController.swift in Sources */,
				00DB544625CE1A010068F7E7 /* RegisterViewController.swift in Sources */,
				00AC7E7A25D3861F009755EA /* SocialFeedViewController.swift in Sources */,
				00B6585F25D09979000DC811 /* UserDefaults_Helpers.swift in Sources */,
				0065E75825D397F3009A1A49 /* ProfileViewController.swift in Sources */,
				00DB543325CDF3DA0068F7E7 /* MainNavigationController.swift in Sources */,
				00E8C4D225AE7E0100CAB507 /* AppDelegate.swift in Sources */,
				00DB543025CDF3600068F7E7 /* MainTabBarController.swift in Sources */,
				00DB545825CE204C0068F7E7 /* GenderView.swift in Sources */,
				0065E75225D3969F009A1A49 /* AddViewController.swift in Sources */,
				00B6585C25D085BD000DC811 /* Constants.swift in Sources */,
				00E8C4D425AE7E0100CAB507 /* SceneDelegate.swift in Sources */,
				00DB544325CE082A0068F7E7 /* LoginViewController.swift in Sources */,
				00DB546125CE20A20068F7E7 /* IntensityView.swift in Sources */,
				00DB545B25CE20670068F7E7 /* WorkoutExperienceView.swift in Sources */,
				0065E75525D3977C009A1A49 /* ChallengesViewController.swift in Sources */,
				00DB545025CE1F330068F7E7 /* OnboardingViewController.swift in Sources */,
				00DB545525CE202A0068F7E7 /* BirthdateView.swift in Sources */,
				00DB545E25CE20880068F7E7 /* WorkoutTypeView.swift in Sources */,
				0099471825BCF324007D4A99 /* UserModel.swift in Sources */,
			);
			runOnlyForDeploymentPostprocessing = 0;
		};
/* End PBXSourcesBuildPhase section */

/* Begin XCBuildConfiguration section */
		00E8C4E025AE7E0600CAB507 /* Debug */ = {
			isa = XCBuildConfiguration;
			buildSettings = {
				ALWAYS_SEARCH_USER_PATHS = NO;
				CLANG_ANALYZER_NONNULL = YES;
				CLANG_ANALYZER_NUMBER_OBJECT_CONVERSION = YES_AGGRESSIVE;
				CLANG_CXX_LANGUAGE_STANDARD = "gnu++14";
				CLANG_CXX_LIBRARY = "libc++";
				CLANG_ENABLE_MODULES = YES;
				CLANG_ENABLE_OBJC_ARC = YES;
				CLANG_ENABLE_OBJC_WEAK = YES;
				CLANG_WARN_BLOCK_CAPTURE_AUTORELEASING = YES;
				CLANG_WARN_BOOL_CONVERSION = YES;
				CLANG_WARN_COMMA = YES;
				CLANG_WARN_CONSTANT_CONVERSION = YES;
				CLANG_WARN_DEPRECATED_OBJC_IMPLEMENTATIONS = YES;
				CLANG_WARN_DIRECT_OBJC_ISA_USAGE = YES_ERROR;
				CLANG_WARN_DOCUMENTATION_COMMENTS = YES;
				CLANG_WARN_EMPTY_BODY = YES;
				CLANG_WARN_ENUM_CONVERSION = YES;
				CLANG_WARN_INFINITE_RECURSION = YES;
				CLANG_WARN_INT_CONVERSION = YES;
				CLANG_WARN_NON_LITERAL_NULL_CONVERSION = YES;
				CLANG_WARN_OBJC_IMPLICIT_RETAIN_SELF = YES;
				CLANG_WARN_OBJC_LITERAL_CONVERSION = YES;
				CLANG_WARN_OBJC_ROOT_CLASS = YES_ERROR;
				CLANG_WARN_QUOTED_INCLUDE_IN_FRAMEWORK_HEADER = YES;
				CLANG_WARN_RANGE_LOOP_ANALYSIS = YES;
				CLANG_WARN_STRICT_PROTOTYPES = YES;
				CLANG_WARN_SUSPICIOUS_MOVE = YES;
				CLANG_WARN_UNGUARDED_AVAILABILITY = YES_AGGRESSIVE;
				CLANG_WARN_UNREACHABLE_CODE = YES;
				CLANG_WARN__DUPLICATE_METHOD_MATCH = YES;
				COPY_PHASE_STRIP = NO;
				DEBUG_INFORMATION_FORMAT = dwarf;
				ENABLE_STRICT_OBJC_MSGSEND = YES;
				ENABLE_TESTABILITY = YES;
				GCC_C_LANGUAGE_STANDARD = gnu11;
				GCC_DYNAMIC_NO_PIC = NO;
				GCC_NO_COMMON_BLOCKS = YES;
				GCC_OPTIMIZATION_LEVEL = 0;
				GCC_PREPROCESSOR_DEFINITIONS = (
					"DEBUG=1",
					"$(inherited)",
				);
				GCC_WARN_64_TO_32_BIT_CONVERSION = YES;
				GCC_WARN_ABOUT_RETURN_TYPE = YES_ERROR;
				GCC_WARN_UNDECLARED_SELECTOR = YES;
				GCC_WARN_UNINITIALIZED_AUTOS = YES_AGGRESSIVE;
				GCC_WARN_UNUSED_FUNCTION = YES;
				GCC_WARN_UNUSED_VARIABLE = YES;
				IPHONEOS_DEPLOYMENT_TARGET = 14.3;
				MTL_ENABLE_DEBUG_INFO = INCLUDE_SOURCE;
				MTL_FAST_MATH = YES;
				ONLY_ACTIVE_ARCH = YES;
				SDKROOT = iphoneos;
				SWIFT_ACTIVE_COMPILATION_CONDITIONS = DEBUG;
				SWIFT_OPTIMIZATION_LEVEL = "-Onone";
			};
			name = Debug;
		};
		00E8C4E125AE7E0600CAB507 /* Release */ = {
			isa = XCBuildConfiguration;
			buildSettings = {
				ALWAYS_SEARCH_USER_PATHS = NO;
				CLANG_ANALYZER_NONNULL = YES;
				CLANG_ANALYZER_NUMBER_OBJECT_CONVERSION = YES_AGGRESSIVE;
				CLANG_CXX_LANGUAGE_STANDARD = "gnu++14";
				CLANG_CXX_LIBRARY = "libc++";
				CLANG_ENABLE_MODULES = YES;
				CLANG_ENABLE_OBJC_ARC = YES;
				CLANG_ENABLE_OBJC_WEAK = YES;
				CLANG_WARN_BLOCK_CAPTURE_AUTORELEASING = YES;
				CLANG_WARN_BOOL_CONVERSION = YES;
				CLANG_WARN_COMMA = YES;
				CLANG_WARN_CONSTANT_CONVERSION = YES;
				CLANG_WARN_DEPRECATED_OBJC_IMPLEMENTATIONS = YES;
				CLANG_WARN_DIRECT_OBJC_ISA_USAGE = YES_ERROR;
				CLANG_WARN_DOCUMENTATION_COMMENTS = YES;
				CLANG_WARN_EMPTY_BODY = YES;
				CLANG_WARN_ENUM_CONVERSION = YES;
				CLANG_WARN_INFINITE_RECURSION = YES;
				CLANG_WARN_INT_CONVERSION = YES;
				CLANG_WARN_NON_LITERAL_NULL_CONVERSION = YES;
				CLANG_WARN_OBJC_IMPLICIT_RETAIN_SELF = YES;
				CLANG_WARN_OBJC_LITERAL_CONVERSION = YES;
				CLANG_WARN_OBJC_ROOT_CLASS = YES_ERROR;
				CLANG_WARN_QUOTED_INCLUDE_IN_FRAMEWORK_HEADER = YES;
				CLANG_WARN_RANGE_LOOP_ANALYSIS = YES;
				CLANG_WARN_STRICT_PROTOTYPES = YES;
				CLANG_WARN_SUSPICIOUS_MOVE = YES;
				CLANG_WARN_UNGUARDED_AVAILABILITY = YES_AGGRESSIVE;
				CLANG_WARN_UNREACHABLE_CODE = YES;
				CLANG_WARN__DUPLICATE_METHOD_MATCH = YES;
				COPY_PHASE_STRIP = NO;
				DEBUG_INFORMATION_FORMAT = "dwarf-with-dsym";
				ENABLE_NS_ASSERTIONS = NO;
				ENABLE_STRICT_OBJC_MSGSEND = YES;
				GCC_C_LANGUAGE_STANDARD = gnu11;
				GCC_NO_COMMON_BLOCKS = YES;
				GCC_WARN_64_TO_32_BIT_CONVERSION = YES;
				GCC_WARN_ABOUT_RETURN_TYPE = YES_ERROR;
				GCC_WARN_UNDECLARED_SELECTOR = YES;
				GCC_WARN_UNINITIALIZED_AUTOS = YES_AGGRESSIVE;
				GCC_WARN_UNUSED_FUNCTION = YES;
				GCC_WARN_UNUSED_VARIABLE = YES;
				IPHONEOS_DEPLOYMENT_TARGET = 14.3;
				MTL_ENABLE_DEBUG_INFO = NO;
				MTL_FAST_MATH = YES;
				SDKROOT = iphoneos;
				SWIFT_COMPILATION_MODE = wholemodule;
				SWIFT_OPTIMIZATION_LEVEL = "-O";
				VALIDATE_PRODUCT = YES;
			};
			name = Release;
		};
		00E8C4E325AE7E0600CAB507 /* Debug */ = {
			isa = XCBuildConfiguration;
			buildSettings = {
				ASSETCATALOG_COMPILER_APPICON_NAME = AppIcon;
				ASSETCATALOG_COMPILER_GLOBAL_ACCENT_COLOR_NAME = AccentColor;
				CODE_SIGN_STYLE = Automatic;
				INFOPLIST_FILE = CompFit/Info.plist;
				LD_RUNPATH_SEARCH_PATHS = (
					"$(inherited)",
					"@executable_path/Frameworks",
				);
				PRODUCT_BUNDLE_IDENTIFIER = com.CompFit;
				PRODUCT_NAME = "$(TARGET_NAME)";
				SWIFT_VERSION = 5.0;
				TARGETED_DEVICE_FAMILY = "1,2";
			};
			name = Debug;
		};
		00E8C4E425AE7E0600CAB507 /* Release */ = {
			isa = XCBuildConfiguration;
			buildSettings = {
				ASSETCATALOG_COMPILER_APPICON_NAME = AppIcon;
				ASSETCATALOG_COMPILER_GLOBAL_ACCENT_COLOR_NAME = AccentColor;
				CODE_SIGN_STYLE = Automatic;
				INFOPLIST_FILE = CompFit/Info.plist;
				LD_RUNPATH_SEARCH_PATHS = (
					"$(inherited)",
					"@executable_path/Frameworks",
				);
				PRODUCT_BUNDLE_IDENTIFIER = com.CompFit;
				PRODUCT_NAME = "$(TARGET_NAME)";
				SWIFT_VERSION = 5.0;
				TARGETED_DEVICE_FAMILY = "1,2";
			};
			name = Release;
		};
/* End XCBuildConfiguration section */

/* Begin XCConfigurationList section */
		00E8C4C925AE7E0100CAB507 /* Build configuration list for PBXProject "CompFit" */ = {
			isa = XCConfigurationList;
			buildConfigurations = (
				00E8C4E025AE7E0600CAB507 /* Debug */,
				00E8C4E125AE7E0600CAB507 /* Release */,
			);
			defaultConfigurationIsVisible = 0;
			defaultConfigurationName = Release;
		};
		00E8C4E225AE7E0600CAB507 /* Build configuration list for PBXNativeTarget "CompFit" */ = {
			isa = XCConfigurationList;
			buildConfigurations = (
				00E8C4E325AE7E0600CAB507 /* Debug */,
				00E8C4E425AE7E0600CAB507 /* Release */,
			);
			defaultConfigurationIsVisible = 0;
			defaultConfigurationName = Release;
		};
/* End XCConfigurationList section */
	};
	rootObject = 00E8C4C625AE7E0100CAB507 /* Project object */;
}
